
Microsoft Visual Studio Solution File, Format Version 12.00
# Visual Studio 15
VisualStudioVersion = 15.0.27703.2047
MinimumVisualStudioVersion = 10.0.40219.1
Project("{FAE04EC0-301F-11D3-BF4B-00C04F79EFBC}") = "2.2.3 BMI Calculator", "2.2.3 BMI Calculator\2.2.3 BMI Calculator.csproj", "{F5ECA117-7F78-406F-BB6A-9C8B1C40C9E1}"
EndProject
Global
	GlobalSection(SolutionConfigurationPlatforms) = preSolution
		Debug|Any CPU = Debug|Any CPU
		Release|Any CPU = Release|Any CPU
	EndGlobalSection
	GlobalSection(ProjectConfigurationPlatforms) = postSolution
		{F5ECA117-7F78-406F-BB6A-9C8B1C40C9E1}.Debug|Any CPU.ActiveCfg = Debug|Any CPU
		{F5ECA117-7F78-406F-BB6A-9C8B1C40C9E1}.Debug|Any CPU.Build.0 = Debug|Any CPU
		{F5ECA117-7F78-406F-BB6A-9C8B1C40C9E1}.Release|Any CPU.ActiveCfg = Release|Any CPU
		{F5ECA117-7F78-406F-BB6A-9C8B1C40C9E1}.Release|Any CPU.Build.0 = Release|Any CPU
	EndGlobalSection
	GlobalSection(SolutionProperties) = preSolution
		HideSolutionNode = FALSE
	EndGlobalSection
	GlobalSection(ExtensibilityGlobals) = postSolution
		SolutionGuid = {DA6EE6DF-8AF6-4D8E-9F71-62F0150E5A56}
	EndGlobalSection
EndGlobal
