
Microsoft Visual Studio Solution File, Format Version 12.00
# Visual Studio 15
VisualStudioVersion = 15.0.27703.2047
MinimumVisualStudioVersion = 10.0.40219.1
Project("{FAE04EC0-301F-11D3-BF4B-00C04F79EFBC}") = "5.2.1 Calculations", "5.2.1 Calculations\5.2.1 Calculations.csproj", "{46D0FACC-DF06-483D-890F-289980627364}"
EndProject
Global
	GlobalSection(SolutionConfigurationPlatforms) = preSolution
		Debug|Any CPU = Debug|Any CPU
		Release|Any CPU = Release|Any CPU
	EndGlobalSection
	GlobalSection(ProjectConfigurationPlatforms) = postSolution
		{46D0FACC-DF06-483D-890F-289980627364}.Debug|Any CPU.ActiveCfg = Debug|Any CPU
		{46D0FACC-DF06-483D-890F-289980627364}.Debug|Any CPU.Build.0 = Debug|Any CPU
		{46D0FACC-DF06-483D-890F-289980627364}.Release|Any CPU.ActiveCfg = Release|Any CPU
		{46D0FACC-DF06-483D-890F-289980627364}.Release|Any CPU.Build.0 = Release|Any CPU
	EndGlobalSection
	GlobalSection(SolutionProperties) = preSolution
		HideSolutionNode = FALSE
	EndGlobalSection
	GlobalSection(ExtensibilityGlobals) = postSolution
		SolutionGuid = {B8ECE83F-972C-48BF-AC4D-F940BD0C74EA}
	EndGlobalSection
EndGlobal
