
Microsoft Visual Studio Solution File, Format Version 12.00
# Visual Studio 15
VisualStudioVersion = 15.0.27703.2047
MinimumVisualStudioVersion = 10.0.40219.1
Project("{FAE04EC0-301F-11D3-BF4B-00C04F79EFBC}") = "4.2.1 Snackbar", "4.2.1 Snackbar\4.2.1 Snackbar.csproj", "{C44B60B2-0A01-45D3-9433-6E0BEDFC6157}"
EndProject
Global
	GlobalSection(SolutionConfigurationPlatforms) = preSolution
		Debug|Any CPU = Debug|Any CPU
		Release|Any CPU = Release|Any CPU
	EndGlobalSection
	GlobalSection(ProjectConfigurationPlatforms) = postSolution
		{C44B60B2-0A01-45D3-9433-6E0BEDFC6157}.Debug|Any CPU.ActiveCfg = Debug|Any CPU
		{C44B60B2-0A01-45D3-9433-6E0BEDFC6157}.Debug|Any CPU.Build.0 = Debug|Any CPU
		{C44B60B2-0A01-45D3-9433-6E0BEDFC6157}.Release|Any CPU.ActiveCfg = Release|Any CPU
		{C44B60B2-0A01-45D3-9433-6E0BEDFC6157}.Release|Any CPU.Build.0 = Release|Any CPU
	EndGlobalSection
	GlobalSection(SolutionProperties) = preSolution
		HideSolutionNode = FALSE
	EndGlobalSection
	GlobalSection(ExtensibilityGlobals) = postSolution
		SolutionGuid = {C7216E9D-3185-49AF-806B-11B63AF2167C}
	EndGlobalSection
EndGlobal
